
Microsoft Visual Studio Solution File, Format Version 12.00
# Visual Studio Version 16
VisualStudioVersion = 16.0.30406.217
MinimumVisualStudioVersion = 10.0.40219.1
Project("{FAE04EC0-301F-11D3-BF4B-00C04F79EFBC}") = "FallGuysStats", "FallGuysStats.csproj", "{9DDF7BD8-3C77-43D4-A229-F79CE082C6E8}"
EndProject
Project("{2150E333-8FDC-42A3-9474-1A3956D46DE8}") = "Solution Items", "Solution Items", "{48C46DB6-1CE3-4B93-B980-6FDEC903A42B}"
	ProjectSection(SolutionItems) = preProject
		.editorconfig = .editorconfig
	EndProjectSection
EndProject
Global
	GlobalSection(SolutionConfigurationPlatforms) = preSolution
		Debug|Any CPU = Debug|Any CPU
		Release|Any CPU = Release|Any CPU
		Release|x64 = Release|x64
		ReleaseUpdate|Any CPU = ReleaseUpdate|Any CPU
		ReleaseUpdate|x64 = ReleaseUpdate|x64
	EndGlobalSection
	GlobalSection(ProjectConfigurationPlatforms) = postSolution
		{9DDF7BD8-3C77-43D4-A229-F79CE082C6E8}.Debug|Any CPU.ActiveCfg = Debug|Any CPU
		{9DDF7BD8-3C77-43D4-A229-F79CE082C6E8}.Debug|Any CPU.Build.0 = Debug|Any CPU
		{9DDF7BD8-3C77-43D4-A229-F79CE082C6E8}.Release|Any CPU.ActiveCfg = Release|Any CPU
		{9DDF7BD8-3C77-43D4-A229-F79CE082C6E8}.Release|Any CPU.Build.0 = Release|Any CPU
		{9DDF7BD8-3C77-43D4-A229-F79CE082C6E8}.ReleaseUpdate|Any CPU.ActiveCfg = ReleaseUpdate|Any CPU
		{9DDF7BD8-3C77-43D4-A229-F79CE082C6E8}.ReleaseUpdate|Any CPU.Build.0 = ReleaseUpdate|Any CPU
		{9DDF7BD8-3C77-43D4-A229-F79CE082C6E8}.Release|x64.ActiveCfg = Release|x64
		{9DDF7BD8-3C77-43D4-A229-F79CE082C6E8}.Release|x64.Build.0 = Release|x64
		{9DDF7BD8-3C77-43D4-A229-F79CE082C6E8}.ReleaseUpdate|x64.ActiveCfg = ReleaseUpdate|x64
		{9DDF7BD8-3C77-43D4-A229-F79CE082C6E8}.ReleaseUpdate|x64.Build.0 = ReleaseUpdate|x64
	EndGlobalSection
	GlobalSection(SolutionProperties) = preSolution
		HideSolutionNode = FALSE
	EndGlobalSection
	GlobalSection(ExtensibilityGlobals) = postSolution
		SolutionGuid = {3F0A7B13-F510-4512-805A-4B188D95CFCC}
	EndGlobalSection
EndGlobal
